
Microsoft Visual Studio Solution File, Format Version 12.00
# Visual Studio Version 17
VisualStudioVersion = 17.9.34701.34
MinimumVisualStudioVersion = 10.0.40219.1
Project("{FAE04EC0-301F-11D3-BF4B-00C04F79EFBC}") = "CAVANatacion.AccesoDatos", "CAVANatacion.AccesoDatos\CAVANatacion.AccesoDatos.csproj", "{BF03CECB-E35D-4EB1-8274-5B3972F5F827}"
EndProject
Project("{FAE04EC0-301F-11D3-BF4B-00C04F79EFBC}") = "CAVANatacion.LogicaNegocio", "CAVANatacion.LogicaNegocio\CAVANatacion.LogicaNegocio.csproj", "{C40E90B2-0BBD-4379-BB81-23D10FD2180D}"
EndProject
Project("{FAE04EC0-301F-11D3-BF4B-00C04F79EFBC}") = "CAVANatacion.App", "CAVANatacion.App\CAVANatacion.App.csproj", "{F8A171F3-501E-4197-BE6D-2F6A17BC6B92}"
EndProject
Global
	GlobalSection(SolutionConfigurationPlatforms) = preSolution
		Debug|Any CPU = Debug|Any CPU
		Release|Any CPU = Release|Any CPU
	EndGlobalSection
	GlobalSection(ProjectConfigurationPlatforms) = postSolution
		{BF03CECB-E35D-4EB1-8274-5B3972F5F827}.Debug|Any CPU.ActiveCfg = Debug|Any CPU
		{BF03CECB-E35D-4EB1-8274-5B3972F5F827}.Debug|Any CPU.Build.0 = Debug|Any CPU
		{BF03CECB-E35D-4EB1-8274-5B3972F5F827}.Release|Any CPU.ActiveCfg = Release|Any CPU
		{BF03CECB-E35D-4EB1-8274-5B3972F5F827}.Release|Any CPU.Build.0 = Release|Any CPU
		{C40E90B2-0BBD-4379-BB81-23D10FD2180D}.Debug|Any CPU.ActiveCfg = Debug|Any CPU
		{C40E90B2-0BBD-4379-BB81-23D10FD2180D}.Debug|Any CPU.Build.0 = Debug|Any CPU
		{C40E90B2-0BBD-4379-BB81-23D10FD2180D}.Release|Any CPU.ActiveCfg = Release|Any CPU
		{C40E90B2-0BBD-4379-BB81-23D10FD2180D}.Release|Any CPU.Build.0 = Release|Any CPU
		{F8A171F3-501E-4197-BE6D-2F6A17BC6B92}.Debug|Any CPU.ActiveCfg = Debug|Any CPU
		{F8A171F3-501E-4197-BE6D-2F6A17BC6B92}.Debug|Any CPU.Build.0 = Debug|Any CPU
		{F8A171F3-501E-4197-BE6D-2F6A17BC6B92}.Release|Any CPU.ActiveCfg = Release|Any CPU
		{F8A171F3-501E-4197-BE6D-2F6A17BC6B92}.Release|Any CPU.Build.0 = Release|Any CPU
	EndGlobalSection
	GlobalSection(SolutionProperties) = preSolution
		HideSolutionNode = FALSE
	EndGlobalSection
	GlobalSection(ExtensibilityGlobals) = postSolution
		SolutionGuid = {195C634B-501B-4BF0-AA0F-4306A7408FAB}
	EndGlobalSection
EndGlobal
